
Microsoft Visual Studio Solution File, Format Version 12.00
# Visual Studio Version 17
VisualStudioVersion = 17.0.31919.166
MinimumVisualStudioVersion = 10.0.40219.1
Project("{FAE04EC0-301F-11D3-BF4B-00C04F79EFBC}") = "Demo_EmailTemplating_Coravel", "Demo_EmailTemplating_Coravel\Demo_EmailTemplating_Coravel.csproj", "{C14C52B9-E65E-4ECA-8277-5655C7F2CEB0}"
EndProject
Global
	GlobalSection(SolutionConfigurationPlatforms) = preSolution
		Debug|Any CPU = Debug|Any CPU
		Release|Any CPU = Release|Any CPU
	EndGlobalSection
	GlobalSection(ProjectConfigurationPlatforms) = postSolution
		{C14C52B9-E65E-4ECA-8277-5655C7F2CEB0}.Debug|Any CPU.ActiveCfg = Debug|Any CPU
		{C14C52B9-E65E-4ECA-8277-5655C7F2CEB0}.Debug|Any CPU.Build.0 = Debug|Any CPU
		{C14C52B9-E65E-4ECA-8277-5655C7F2CEB0}.Release|Any CPU.ActiveCfg = Release|Any CPU
		{C14C52B9-E65E-4ECA-8277-5655C7F2CEB0}.Release|Any CPU.Build.0 = Release|Any CPU
	EndGlobalSection
	GlobalSection(SolutionProperties) = preSolution
		HideSolutionNode = FALSE
	EndGlobalSection
	GlobalSection(ExtensibilityGlobals) = postSolution
		SolutionGuid = {9F421A67-B257-4A8A-8580-D5B264F7111A}
	EndGlobalSection
EndGlobal
